
Microsoft Visual Studio Solution File, Format Version 12.00
# Visual Studio Version 17
VisualStudioVersion = 17.4.33213.308
MinimumVisualStudioVersion = 10.0.40219.1
Project("{FAE04EC0-301F-11D3-BF4B-00C04F79EFBC}") = "GPTWeb", "GPTWeb\GPTWeb.csproj", "{9070A089-CC3A-42A2-B2AF-EDFFC8DD334A}"
EndProject
Global
	GlobalSection(SolutionConfigurationPlatforms) = preSolution
		Debug|Any CPU = Debug|Any CPU
		Release|Any CPU = Release|Any CPU
	EndGlobalSection
	GlobalSection(ProjectConfigurationPlatforms) = postSolution
		{9070A089-CC3A-42A2-B2AF-EDFFC8DD334A}.Debug|Any CPU.ActiveCfg = Debug|Any CPU
		{9070A089-CC3A-42A2-B2AF-EDFFC8DD334A}.Debug|Any CPU.Build.0 = Debug|Any CPU
		{9070A089-CC3A-42A2-B2AF-EDFFC8DD334A}.Release|Any CPU.ActiveCfg = Release|Any CPU
		{9070A089-CC3A-42A2-B2AF-EDFFC8DD334A}.Release|Any CPU.Build.0 = Release|Any CPU
	EndGlobalSection
	GlobalSection(SolutionProperties) = preSolution
		HideSolutionNode = FALSE
	EndGlobalSection
	GlobalSection(ExtensibilityGlobals) = postSolution
		SolutionGuid = {5388DCBD-A76A-46F0-B488-3E1DFF1D20FA}
	EndGlobalSection
EndGlobal
